
Microsoft Visual Studio Solution File, Format Version 12.00
# Visual Studio Version 16
VisualStudioVersion = 16.0.32106.194
MinimumVisualStudioVersion = 10.0.40219.1
Project("{FAE04EC0-301F-11D3-BF4B-00C04F79EFBC}") = "PersonalityTest", "PersonalityTest\PersonalityTest.csproj", "{B66B6CBD-F432-4C61-85A0-DA36E30C1D65}"
EndProject
Project("{FAE04EC0-301F-11D3-BF4B-00C04F79EFBC}") = "PersonalityTestSwitch", "PersonalityTestSwitch\PersonalityTestSwitch.csproj", "{83EF5B93-32E2-4813-893D-92F9848613CD}"
EndProject
Project("{FAE04EC0-301F-11D3-BF4B-00C04F79EFBC}") = "GradingIf", "GradingIf\GradingIf.csproj", "{5D7CB16C-47BC-48E3-A2E9-5691AB772256}"
EndProject
Project("{FAE04EC0-301F-11D3-BF4B-00C04F79EFBC}") = "GradingSwitch", "GradingSwitch\GradingSwitch.csproj", "{68490DD1-B797-4C9B-8E5B-5D458591EB64}"
EndProject
Project("{FAE04EC0-301F-11D3-BF4B-00C04F79EFBC}") = "CatsAndDogs", "CatsAndDogs\CatsAndDogs.csproj", "{DD2F5189-AD7F-438D-933F-A49A16DA72ED}"
EndProject
Global
	GlobalSection(SolutionConfigurationPlatforms) = preSolution
		Debug|Any CPU = Debug|Any CPU
		Release|Any CPU = Release|Any CPU
	EndGlobalSection
	GlobalSection(ProjectConfigurationPlatforms) = postSolution
		{B66B6CBD-F432-4C61-85A0-DA36E30C1D65}.Debug|Any CPU.ActiveCfg = Debug|Any CPU
		{B66B6CBD-F432-4C61-85A0-DA36E30C1D65}.Debug|Any CPU.Build.0 = Debug|Any CPU
		{B66B6CBD-F432-4C61-85A0-DA36E30C1D65}.Release|Any CPU.ActiveCfg = Release|Any CPU
		{B66B6CBD-F432-4C61-85A0-DA36E30C1D65}.Release|Any CPU.Build.0 = Release|Any CPU
		{83EF5B93-32E2-4813-893D-92F9848613CD}.Debug|Any CPU.ActiveCfg = Debug|Any CPU
		{83EF5B93-32E2-4813-893D-92F9848613CD}.Debug|Any CPU.Build.0 = Debug|Any CPU
		{83EF5B93-32E2-4813-893D-92F9848613CD}.Release|Any CPU.ActiveCfg = Release|Any CPU
		{83EF5B93-32E2-4813-893D-92F9848613CD}.Release|Any CPU.Build.0 = Release|Any CPU
		{5D7CB16C-47BC-48E3-A2E9-5691AB772256}.Debug|Any CPU.ActiveCfg = Debug|Any CPU
		{5D7CB16C-47BC-48E3-A2E9-5691AB772256}.Debug|Any CPU.Build.0 = Debug|Any CPU
		{5D7CB16C-47BC-48E3-A2E9-5691AB772256}.Release|Any CPU.ActiveCfg = Release|Any CPU
		{5D7CB16C-47BC-48E3-A2E9-5691AB772256}.Release|Any CPU.Build.0 = Release|Any CPU
		{68490DD1-B797-4C9B-8E5B-5D458591EB64}.Debug|Any CPU.ActiveCfg = Debug|Any CPU
		{68490DD1-B797-4C9B-8E5B-5D458591EB64}.Debug|Any CPU.Build.0 = Debug|Any CPU
		{68490DD1-B797-4C9B-8E5B-5D458591EB64}.Release|Any CPU.ActiveCfg = Release|Any CPU
		{68490DD1-B797-4C9B-8E5B-5D458591EB64}.Release|Any CPU.Build.0 = Release|Any CPU
		{DD2F5189-AD7F-438D-933F-A49A16DA72ED}.Debug|Any CPU.ActiveCfg = Debug|Any CPU
		{DD2F5189-AD7F-438D-933F-A49A16DA72ED}.Debug|Any CPU.Build.0 = Debug|Any CPU
		{DD2F5189-AD7F-438D-933F-A49A16DA72ED}.Release|Any CPU.ActiveCfg = Release|Any CPU
		{DD2F5189-AD7F-438D-933F-A49A16DA72ED}.Release|Any CPU.Build.0 = Release|Any CPU
	EndGlobalSection
	GlobalSection(SolutionProperties) = preSolution
		HideSolutionNode = FALSE
	EndGlobalSection
	GlobalSection(ExtensibilityGlobals) = postSolution
		SolutionGuid = {7E3BBEA5-A1CA-4604-A86F-88C44734F83D}
	EndGlobalSection
EndGlobal
